
Microsoft Visual Studio Solution File, Format Version 12.00
# Visual Studio Version 17
VisualStudioVersion = 17.8.34316.72
MinimumVisualStudioVersion = 10.0.40219.1
Project("{FAE04EC0-301F-11D3-BF4B-00C04F79EFBC}") = "MaldenbrotSet", "MaldenbrotSet\MaldenbrotSet.csproj", "{2CA1A9DF-8B1E-4895-8E57-9414D1603EEC}"
EndProject
Global
	GlobalSection(SolutionConfigurationPlatforms) = preSolution
		Debug|Any CPU = Debug|Any CPU
		Release|Any CPU = Release|Any CPU
	EndGlobalSection
	GlobalSection(ProjectConfigurationPlatforms) = postSolution
		{2CA1A9DF-8B1E-4895-8E57-9414D1603EEC}.Debug|Any CPU.ActiveCfg = Debug|Any CPU
		{2CA1A9DF-8B1E-4895-8E57-9414D1603EEC}.Debug|Any CPU.Build.0 = Debug|Any CPU
		{2CA1A9DF-8B1E-4895-8E57-9414D1603EEC}.Release|Any CPU.ActiveCfg = Release|Any CPU
		{2CA1A9DF-8B1E-4895-8E57-9414D1603EEC}.Release|Any CPU.Build.0 = Release|Any CPU
	EndGlobalSection
	GlobalSection(SolutionProperties) = preSolution
		HideSolutionNode = FALSE
	EndGlobalSection
	GlobalSection(ExtensibilityGlobals) = postSolution
		SolutionGuid = {9F72B55D-A5B9-4BE5-BA92-6B5493CBFC47}
	EndGlobalSection
EndGlobal
